
Microsoft Visual Studio Solution File, Format Version 12.00
# Visual Studio Version 17
VisualStudioVersion = 17.5.002.0
MinimumVisualStudioVersion = 10.0.40219.1
Project("{9A19103F-16F7-4668-BE54-9A1E7A4F7556}") = "TodoApi", "TodoApi.csproj", "{BDBB0A47-2807-4F42-9C56-3F915E701E07}"
EndProject
Global
	GlobalSection(SolutionConfigurationPlatforms) = preSolution
		Debug|Any CPU = Debug|Any CPU
		Release|Any CPU = Release|Any CPU
	EndGlobalSection
	GlobalSection(ProjectConfigurationPlatforms) = postSolution
		{BDBB0A47-2807-4F42-9C56-3F915E701E07}.Debug|Any CPU.ActiveCfg = Debug|Any CPU
		{BDBB0A47-2807-4F42-9C56-3F915E701E07}.Debug|Any CPU.Build.0 = Debug|Any CPU
		{BDBB0A47-2807-4F42-9C56-3F915E701E07}.Release|Any CPU.ActiveCfg = Release|Any CPU
		{BDBB0A47-2807-4F42-9C56-3F915E701E07}.Release|Any CPU.Build.0 = Release|Any CPU
	EndGlobalSection
	GlobalSection(SolutionProperties) = preSolution
		HideSolutionNode = FALSE
	EndGlobalSection
	GlobalSection(ExtensibilityGlobals) = postSolution
		SolutionGuid = {EDE2855A-135A-426C-921E-DF1AA0883F24}
	EndGlobalSection
EndGlobal
